
Microsoft Visual Studio Solution File, Format Version 12.00
# Visual Studio Version 17
VisualStudioVersion = 17.9.34607.119
MinimumVisualStudioVersion = 10.0.40219.1
Project("{2150E333-8FDC-42A3-9474-1A3956D46DE8}") = "src", "src", "{A046B2E3-F318-49B8-8311-16F28C05725E}"
EndProject
Project("{2150E333-8FDC-42A3-9474-1A3956D46DE8}") = "Base", "Base", "{973BBE6F-3B52-496D-AA97-160AE810DF29}"
EndProject
Project("{2150E333-8FDC-42A3-9474-1A3956D46DE8}") = "Core", "Core", "{D0AF1316-391C-44FA-A633-34AF005C64E7}"
EndProject
Project("{2150E333-8FDC-42A3-9474-1A3956D46DE8}") = "Infrastructure", "Infrastructure", "{9D24E80C-BF2E-4834-8287-92C419BD5C47}"
EndProject
Project("{9A19103F-16F7-4668-BE54-9A1E7A4F7556}") = "Base.Models", "src\Base\Base.Models\Base.Models.csproj", "{4BD26678-133D-4C4A-AACF-39E45E289339}"
EndProject
Project("{9A19103F-16F7-4668-BE54-9A1E7A4F7556}") = "Base.Interfaces", "src\Base\Base.Interfaces\Base.Interfaces.csproj", "{ED7344DB-6B28-4607-A3A7-A68CA13EDAC6}"
EndProject
Project("{9A19103F-16F7-4668-BE54-9A1E7A4F7556}") = "Base.Infrastructure.DataAccess", "src\Base\Infrastructure\Base.Infrastructure.DataAccess\Base.Infrastructure.DataAccess.csproj", "{61B532A9-8400-46B5-BD8C-C2CFBF5E8D23}"
EndProject
Project("{9A19103F-16F7-4668-BE54-9A1E7A4F7556}") = "Core.Domain", "src\Core\Core.Domain\Core.Domain.csproj", "{B597DEB7-FD71-449A-A211-0DAA3EBCE938}"
EndProject
Project("{9A19103F-16F7-4668-BE54-9A1E7A4F7556}") = "testWorkKoshelek.API", "src\testWorkKoshelek.API\testWorkKoshelek.API.csproj", "{36A8958A-D684-479A-84DB-C4271684F072}"
EndProject
Project("{2150E333-8FDC-42A3-9474-1A3956D46DE8}") = "Infrastructure", "Infrastructure", "{DE9A7EF0-1B3F-4C2B-9CFB-B85837A01843}"
EndProject
Project("{9A19103F-16F7-4668-BE54-9A1E7A4F7556}") = "Core.Interfaces", "src\Core\Core.Interfaces\Core.Interfaces.csproj", "{93EEA9AE-793D-48A0-A37B-8078EB085588}"
EndProject
Project("{9A19103F-16F7-4668-BE54-9A1E7A4F7556}") = "Infrastructure.DataAccess", "src\Infrastructure\Infrastructure.DataAccess\Infrastructure.DataAccess.csproj", "{6A7F3ADA-1F40-49D2-9A09-91580F4802F3}"
EndProject
Project("{2150E333-8FDC-42A3-9474-1A3956D46DE8}") = "Logic", "Logic", "{00D1C7A8-61B0-4D39-992E-63F5D9D63AE8}"
EndProject
Project("{9A19103F-16F7-4668-BE54-9A1E7A4F7556}") = "testWorkKoshelek.ReaderClient", "src\testWorkKoshelek.ReaderClient\testWorkKoshelek.ReaderClient.csproj", "{44FBEF03-459D-4D93-A4CC-A7F524C0E9A8}"
EndProject
Project("{9A19103F-16F7-4668-BE54-9A1E7A4F7556}") = "testWorkKoshelek.WritterClient", "src\testWorkKoshelek.WritterClient\testWorkKoshelek.WritterClient.csproj", "{B27D9A31-09E0-4F47-889D-9BA512015F10}"
EndProject
Project("{9A19103F-16F7-4668-BE54-9A1E7A4F7556}") = "testWorkKoshelek.GetterClient", "src\testWorkKoshelek.GetterClient\testWorkKoshelek.GetterClient.csproj", "{FF2B31DC-7078-4945-BEA9-F8B20912DD3F}"
EndProject
Project("{9A19103F-16F7-4668-BE54-9A1E7A4F7556}") = "Logic.Interfaces", "src\Logic\Logic.Interfaces\Logic.Interfaces.csproj", "{2FB97884-63EB-435F-A6C7-321A93B1E99D}"
EndProject
Project("{9A19103F-16F7-4668-BE54-9A1E7A4F7556}") = "Logic", "src\Logic\Logic\Logic.csproj", "{FA128019-9369-47BE-B8AA-FF8F241118F0}"
EndProject
Project("{9A19103F-16F7-4668-BE54-9A1E7A4F7556}") = "Infrastructure.WebSockets", "src\Infrastructure\Infrastructure.WebSockets\Infrastructure.WebSockets.csproj", "{AABA699B-1987-4514-BE96-404E423AD3F7}"
EndProject
Project("{9A19103F-16F7-4668-BE54-9A1E7A4F7556}") = "Base.Infrastructure.AutoMapper", "src\Base\Infrastructure\Base.Infrastructure.AutoMapper\Base.Infrastructure.AutoMapper.csproj", "{A4D18C06-89BB-4E33-B13B-3CBC5FF769DC}"
EndProject
Project("{9A19103F-16F7-4668-BE54-9A1E7A4F7556}") = "Base.Infrastructure.WebSockets", "src\Base\Infrastructure\Base.Infrastructure.WebSockets\Base.Infrastructure.WebSockets.csproj", "{4BC8B3DB-49D8-43EF-9A38-D52DDC8FF27F}"
EndProject
Project("{FAE04EC0-301F-11D3-BF4B-00C04F79EFBC}") = "testWorkKoshelek.WebSocketServer", "src\testWorkKoshelek.WebSocketServer\testWorkKoshelek.WebSocketServer.csproj", "{06F68856-106C-40CD-81CD-A614CAA31CEA}"
EndProject
Global
	GlobalSection(SolutionConfigurationPlatforms) = preSolution
		Debug|Any CPU = Debug|Any CPU
		Release|Any CPU = Release|Any CPU
	EndGlobalSection
	GlobalSection(ProjectConfigurationPlatforms) = postSolution
		{4BD26678-133D-4C4A-AACF-39E45E289339}.Debug|Any CPU.ActiveCfg = Debug|Any CPU
		{4BD26678-133D-4C4A-AACF-39E45E289339}.Debug|Any CPU.Build.0 = Debug|Any CPU
		{4BD26678-133D-4C4A-AACF-39E45E289339}.Release|Any CPU.ActiveCfg = Release|Any CPU
		{4BD26678-133D-4C4A-AACF-39E45E289339}.Release|Any CPU.Build.0 = Release|Any CPU
		{ED7344DB-6B28-4607-A3A7-A68CA13EDAC6}.Debug|Any CPU.ActiveCfg = Debug|Any CPU
		{ED7344DB-6B28-4607-A3A7-A68CA13EDAC6}.Debug|Any CPU.Build.0 = Debug|Any CPU
		{ED7344DB-6B28-4607-A3A7-A68CA13EDAC6}.Release|Any CPU.ActiveCfg = Release|Any CPU
		{ED7344DB-6B28-4607-A3A7-A68CA13EDAC6}.Release|Any CPU.Build.0 = Release|Any CPU
		{61B532A9-8400-46B5-BD8C-C2CFBF5E8D23}.Debug|Any CPU.ActiveCfg = Debug|Any CPU
		{61B532A9-8400-46B5-BD8C-C2CFBF5E8D23}.Debug|Any CPU.Build.0 = Debug|Any CPU
		{61B532A9-8400-46B5-BD8C-C2CFBF5E8D23}.Release|Any CPU.ActiveCfg = Release|Any CPU
		{61B532A9-8400-46B5-BD8C-C2CFBF5E8D23}.Release|Any CPU.Build.0 = Release|Any CPU
		{B597DEB7-FD71-449A-A211-0DAA3EBCE938}.Debug|Any CPU.ActiveCfg = Debug|Any CPU
		{B597DEB7-FD71-449A-A211-0DAA3EBCE938}.Debug|Any CPU.Build.0 = Debug|Any CPU
		{B597DEB7-FD71-449A-A211-0DAA3EBCE938}.Release|Any CPU.ActiveCfg = Release|Any CPU
		{B597DEB7-FD71-449A-A211-0DAA3EBCE938}.Release|Any CPU.Build.0 = Release|Any CPU
		{36A8958A-D684-479A-84DB-C4271684F072}.Debug|Any CPU.ActiveCfg = Debug|Any CPU
		{36A8958A-D684-479A-84DB-C4271684F072}.Debug|Any CPU.Build.0 = Debug|Any CPU
		{36A8958A-D684-479A-84DB-C4271684F072}.Release|Any CPU.ActiveCfg = Release|Any CPU
		{36A8958A-D684-479A-84DB-C4271684F072}.Release|Any CPU.Build.0 = Release|Any CPU
		{93EEA9AE-793D-48A0-A37B-8078EB085588}.Debug|Any CPU.ActiveCfg = Debug|Any CPU
		{93EEA9AE-793D-48A0-A37B-8078EB085588}.Debug|Any CPU.Build.0 = Debug|Any CPU
		{93EEA9AE-793D-48A0-A37B-8078EB085588}.Release|Any CPU.ActiveCfg = Release|Any CPU
		{93EEA9AE-793D-48A0-A37B-8078EB085588}.Release|Any CPU.Build.0 = Release|Any CPU
		{6A7F3ADA-1F40-49D2-9A09-91580F4802F3}.Debug|Any CPU.ActiveCfg = Debug|Any CPU
		{6A7F3ADA-1F40-49D2-9A09-91580F4802F3}.Debug|Any CPU.Build.0 = Debug|Any CPU
		{6A7F3ADA-1F40-49D2-9A09-91580F4802F3}.Release|Any CPU.ActiveCfg = Release|Any CPU
		{6A7F3ADA-1F40-49D2-9A09-91580F4802F3}.Release|Any CPU.Build.0 = Release|Any CPU
		{44FBEF03-459D-4D93-A4CC-A7F524C0E9A8}.Debug|Any CPU.ActiveCfg = Debug|Any CPU
		{44FBEF03-459D-4D93-A4CC-A7F524C0E9A8}.Debug|Any CPU.Build.0 = Debug|Any CPU
		{44FBEF03-459D-4D93-A4CC-A7F524C0E9A8}.Release|Any CPU.ActiveCfg = Release|Any CPU
		{44FBEF03-459D-4D93-A4CC-A7F524C0E9A8}.Release|Any CPU.Build.0 = Release|Any CPU
		{B27D9A31-09E0-4F47-889D-9BA512015F10}.Debug|Any CPU.ActiveCfg = Debug|Any CPU
		{B27D9A31-09E0-4F47-889D-9BA512015F10}.Debug|Any CPU.Build.0 = Debug|Any CPU
		{B27D9A31-09E0-4F47-889D-9BA512015F10}.Release|Any CPU.ActiveCfg = Release|Any CPU
		{B27D9A31-09E0-4F47-889D-9BA512015F10}.Release|Any CPU.Build.0 = Release|Any CPU
		{FF2B31DC-7078-4945-BEA9-F8B20912DD3F}.Debug|Any CPU.ActiveCfg = Debug|Any CPU
		{FF2B31DC-7078-4945-BEA9-F8B20912DD3F}.Debug|Any CPU.Build.0 = Debug|Any CPU
		{FF2B31DC-7078-4945-BEA9-F8B20912DD3F}.Release|Any CPU.ActiveCfg = Release|Any CPU
		{FF2B31DC-7078-4945-BEA9-F8B20912DD3F}.Release|Any CPU.Build.0 = Release|Any CPU
		{2FB97884-63EB-435F-A6C7-321A93B1E99D}.Debug|Any CPU.ActiveCfg = Debug|Any CPU
		{2FB97884-63EB-435F-A6C7-321A93B1E99D}.Debug|Any CPU.Build.0 = Debug|Any CPU
		{2FB97884-63EB-435F-A6C7-321A93B1E99D}.Release|Any CPU.ActiveCfg = Release|Any CPU
		{2FB97884-63EB-435F-A6C7-321A93B1E99D}.Release|Any CPU.Build.0 = Release|Any CPU
		{FA128019-9369-47BE-B8AA-FF8F241118F0}.Debug|Any CPU.ActiveCfg = Debug|Any CPU
		{FA128019-9369-47BE-B8AA-FF8F241118F0}.Debug|Any CPU.Build.0 = Debug|Any CPU
		{FA128019-9369-47BE-B8AA-FF8F241118F0}.Release|Any CPU.ActiveCfg = Release|Any CPU
		{FA128019-9369-47BE-B8AA-FF8F241118F0}.Release|Any CPU.Build.0 = Release|Any CPU
		{AABA699B-1987-4514-BE96-404E423AD3F7}.Debug|Any CPU.ActiveCfg = Debug|Any CPU
		{AABA699B-1987-4514-BE96-404E423AD3F7}.Debug|Any CPU.Build.0 = Debug|Any CPU
		{AABA699B-1987-4514-BE96-404E423AD3F7}.Release|Any CPU.ActiveCfg = Release|Any CPU
		{AABA699B-1987-4514-BE96-404E423AD3F7}.Release|Any CPU.Build.0 = Release|Any CPU
		{A4D18C06-89BB-4E33-B13B-3CBC5FF769DC}.Debug|Any CPU.ActiveCfg = Debug|Any CPU
		{A4D18C06-89BB-4E33-B13B-3CBC5FF769DC}.Debug|Any CPU.Build.0 = Debug|Any CPU
		{A4D18C06-89BB-4E33-B13B-3CBC5FF769DC}.Release|Any CPU.ActiveCfg = Release|Any CPU
		{A4D18C06-89BB-4E33-B13B-3CBC5FF769DC}.Release|Any CPU.Build.0 = Release|Any CPU
		{4BC8B3DB-49D8-43EF-9A38-D52DDC8FF27F}.Debug|Any CPU.ActiveCfg = Debug|Any CPU
		{4BC8B3DB-49D8-43EF-9A38-D52DDC8FF27F}.Debug|Any CPU.Build.0 = Debug|Any CPU
		{4BC8B3DB-49D8-43EF-9A38-D52DDC8FF27F}.Release|Any CPU.ActiveCfg = Release|Any CPU
		{4BC8B3DB-49D8-43EF-9A38-D52DDC8FF27F}.Release|Any CPU.Build.0 = Release|Any CPU
		{06F68856-106C-40CD-81CD-A614CAA31CEA}.Debug|Any CPU.ActiveCfg = Debug|Any CPU
		{06F68856-106C-40CD-81CD-A614CAA31CEA}.Debug|Any CPU.Build.0 = Debug|Any CPU
		{06F68856-106C-40CD-81CD-A614CAA31CEA}.Release|Any CPU.ActiveCfg = Release|Any CPU
		{06F68856-106C-40CD-81CD-A614CAA31CEA}.Release|Any CPU.Build.0 = Release|Any CPU
	EndGlobalSection
	GlobalSection(SolutionProperties) = preSolution
		HideSolutionNode = FALSE
	EndGlobalSection
	GlobalSection(NestedProjects) = preSolution
		{973BBE6F-3B52-496D-AA97-160AE810DF29} = {A046B2E3-F318-49B8-8311-16F28C05725E}
		{D0AF1316-391C-44FA-A633-34AF005C64E7} = {A046B2E3-F318-49B8-8311-16F28C05725E}
		{9D24E80C-BF2E-4834-8287-92C419BD5C47} = {973BBE6F-3B52-496D-AA97-160AE810DF29}
		{4BD26678-133D-4C4A-AACF-39E45E289339} = {973BBE6F-3B52-496D-AA97-160AE810DF29}
		{ED7344DB-6B28-4607-A3A7-A68CA13EDAC6} = {973BBE6F-3B52-496D-AA97-160AE810DF29}
		{61B532A9-8400-46B5-BD8C-C2CFBF5E8D23} = {9D24E80C-BF2E-4834-8287-92C419BD5C47}
		{B597DEB7-FD71-449A-A211-0DAA3EBCE938} = {D0AF1316-391C-44FA-A633-34AF005C64E7}
		{36A8958A-D684-479A-84DB-C4271684F072} = {A046B2E3-F318-49B8-8311-16F28C05725E}
		{DE9A7EF0-1B3F-4C2B-9CFB-B85837A01843} = {A046B2E3-F318-49B8-8311-16F28C05725E}
		{93EEA9AE-793D-48A0-A37B-8078EB085588} = {D0AF1316-391C-44FA-A633-34AF005C64E7}
		{6A7F3ADA-1F40-49D2-9A09-91580F4802F3} = {DE9A7EF0-1B3F-4C2B-9CFB-B85837A01843}
		{00D1C7A8-61B0-4D39-992E-63F5D9D63AE8} = {A046B2E3-F318-49B8-8311-16F28C05725E}
		{44FBEF03-459D-4D93-A4CC-A7F524C0E9A8} = {A046B2E3-F318-49B8-8311-16F28C05725E}
		{B27D9A31-09E0-4F47-889D-9BA512015F10} = {A046B2E3-F318-49B8-8311-16F28C05725E}
		{FF2B31DC-7078-4945-BEA9-F8B20912DD3F} = {A046B2E3-F318-49B8-8311-16F28C05725E}
		{2FB97884-63EB-435F-A6C7-321A93B1E99D} = {00D1C7A8-61B0-4D39-992E-63F5D9D63AE8}
		{FA128019-9369-47BE-B8AA-FF8F241118F0} = {00D1C7A8-61B0-4D39-992E-63F5D9D63AE8}
		{AABA699B-1987-4514-BE96-404E423AD3F7} = {DE9A7EF0-1B3F-4C2B-9CFB-B85837A01843}
		{A4D18C06-89BB-4E33-B13B-3CBC5FF769DC} = {9D24E80C-BF2E-4834-8287-92C419BD5C47}
		{4BC8B3DB-49D8-43EF-9A38-D52DDC8FF27F} = {9D24E80C-BF2E-4834-8287-92C419BD5C47}
		{06F68856-106C-40CD-81CD-A614CAA31CEA} = {A046B2E3-F318-49B8-8311-16F28C05725E}
	EndGlobalSection
	GlobalSection(ExtensibilityGlobals) = postSolution
		SolutionGuid = {02E1F7E0-7125-4D29-B262-DA04C1B9D2EE}
	EndGlobalSection
EndGlobal
